// !$*UTF8*$!
{
	archiveVersion = 1;
	classes = {
	};
	objectVersion = 50;
	objects = {

/* Begin PBXBuildFile section */
		953C237A20F0132500BE51F7 /* AppDelegate.swift in Sources */ = {isa = PBXBuildFile; fileRef = 953C237920F0132500BE51F7 /* AppDelegate.swift */; };
		953C237C20F0132500BE51F7 /* ViewController.swift in Sources */ = {isa = PBXBuildFile; fileRef = 953C237B20F0132500BE51F7 /* ViewController.swift */; };
		953C237F20F0132500BE51F7 /* Main.storyboard in Resources */ = {isa = PBXBuildFile; fileRef = 953C237D20F0132500BE51F7 /* Main.storyboard */; };
		953C238120F0132800BE51F7 /* Assets.xcassets in Resources */ = {isa = PBXBuildFile; fileRef = 953C238020F0132800BE51F7 /* Assets.xcassets */; };
		953C238420F0132800BE51F7 /* LaunchScreen.storyboard in Resources */ = {isa = PBXBuildFile; fileRef = 953C238220F0132800BE51F7 /* LaunchScreen.storyboard */; };
		953C238A20F0134700BE51F7 /* example easy.pdf in Resources */ = {isa = PBXBuildFile; fileRef = 953C238920F0134700BE51F7 /* example easy.pdf */; };
		953C238B20F0141D00BE51F7 /* SimplePDFKit.framework in Frameworks */ = {isa = PBXBuildFile; fileRef = 954CFBEC20E9AEC20014E02F /* SimplePDFKit.framework */; };
		953C238C20F0141D00BE51F7 /* SimplePDFKit.framework in Embed Frameworks */ = {isa = PBXBuildFile; fileRef = 954CFBEC20E9AEC20014E02F /* SimplePDFKit.framework */; settings = {ATTRIBUTES = (CodeSignOnCopy, RemoveHeadersOnCopy, ); }; };
		954CFBF120E9AEC20014E02F /* SimplePDFKit.h in Headers */ = {isa = PBXBuildFile; fileRef = 954CFBEF20E9AEC20014E02F /* SimplePDFKit.h */; settings = {ATTRIBUTES = (Public, ); }; };
		954CFBFB20E9AFA30014E02F /* fpdfview.h in Headers */ = {isa = PBXBuildFile; fileRef = 954CFBF820E9AFA30014E02F /* fpdfview.h */; settings = {ATTRIBUTES = (Public, ); }; };
		954CFBFC20E9AFA30014E02F /* libpdfium.a in Frameworks */ = {isa = PBXBuildFile; fileRef = 954CFBF920E9AFA30014E02F /* libpdfium.a */; };
		954CFBFD20E9AFA30014E02F /* PDFium.swift in Sources */ = {isa = PBXBuildFile; fileRef = 954CFBFA20E9AFA30014E02F /* PDFium.swift */; };
		954CFC0220E9B1180014E02F /* ViewController.swift in Sources */ = {isa = PBXBuildFile; fileRef = 954CFC0020E9B1180014E02F /* ViewController.swift */; };
		954CFC0320E9B1180014E02F /* Geometry.swift in Sources */ = {isa = PBXBuildFile; fileRef = 954CFC0120E9B1180014E02F /* Geometry.swift */; };
		9550E0E420F2DCC300921387 /* SimplePDFViewControllerDelegate.swift in Sources */ = {isa = PBXBuildFile; fileRef = 9550E0E320F2DCC300921387 /* SimplePDFViewControllerDelegate.swift */; };
/* End PBXBuildFile section */

/* Begin PBXContainerItemProxy section */
		953C238D20F0141D00BE51F7 /* PBXContainerItemProxy */ = {
			isa = PBXContainerItemProxy;
			containerPortal = 954CFBE320E9AEC20014E02F /* Project object */;
			proxyType = 1;
			remoteGlobalIDString = 954CFBEB20E9AEC20014E02F;
			remoteInfo = SimplePDFKit;
		};
/* End PBXContainerItemProxy section */

/* Begin PBXCopyFilesBuildPhase section */
		953C238F20F0141D00BE51F7 /* Embed Frameworks */ = {
			isa = PBXCopyFilesBuildPhase;
			buildActionMask = 2147483647;
			dstPath = "";
			dstSubfolderSpec = 10;
			files = (
				953C238C20F0141D00BE51F7 /* SimplePDFKit.framework in Embed Frameworks */,
			);
			name = "Embed Frameworks";
			runOnlyForDeploymentPostprocessing = 0;
		};
/* End PBXCopyFilesBuildPhase section */

/* Begin PBXFileReference section */
		953C237720F0132500BE51F7 /* SimplePDFExample.app */ = {isa = PBXFileReference; explicitFileType = wrapper.application; includeInIndex = 0; path = SimplePDFExample.app; sourceTree = BUILT_PRODUCTS_DIR; };
		953C237920F0132500BE51F7 /* AppDelegate.swift */ = {isa = PBXFileReference; lastKnownFileType = sourcecode.swift; path = AppDelegate.swift; sourceTree = "<group>"; };
		953C237B20F0132500BE51F7 /* ViewController.swift */ = {isa = PBXFileReference; lastKnownFileType = sourcecode.swift; path = ViewController.swift; sourceTree = "<group>"; };
		953C237E20F0132500BE51F7 /* Base */ = {isa = PBXFileReference; lastKnownFileType = file.storyboard; name = Base; path = Base.lproj/Main.storyboard; sourceTree = "<group>"; };
		953C238020F0132800BE51F7 /* Assets.xcassets */ = {isa = PBXFileReference; lastKnownFileType = folder.assetcatalog; path = Assets.xcassets; sourceTree = "<group>"; };
		953C238320F0132800BE51F7 /* Base */ = {isa = PBXFileReference; lastKnownFileType = file.storyboard; name = Base; path = Base.lproj/LaunchScreen.storyboard; sourceTree = "<group>"; };
		953C238520F0132800BE51F7 /* Info.plist */ = {isa = PBXFileReference; lastKnownFileType = text.plist.xml; path = Info.plist; sourceTree = "<group>"; };
		953C238920F0134700BE51F7 /* example easy.pdf */ = {isa = PBXFileReference; lastKnownFileType = image.pdf; path = "example easy.pdf"; sourceTree = "<group>"; };
		954CFBEC20E9AEC20014E02F /* SimplePDFKit.framework */ = {isa = PBXFileReference; explicitFileType = wrapper.framework; includeInIndex = 0; path = SimplePDFKit.framework; sourceTree = BUILT_PRODUCTS_DIR; };
		954CFBEF20E9AEC20014E02F /* SimplePDFKit.h */ = {isa = PBXFileReference; lastKnownFileType = sourcecode.c.h; path = SimplePDFKit.h; sourceTree = "<group>"; };
		954CFBF020E9AEC20014E02F /* Info.plist */ = {isa = PBXFileReference; lastKnownFileType = text.plist.xml; path = Info.plist; sourceTree = "<group>"; };
		954CFBF820E9AFA30014E02F /* fpdfview.h */ = {isa = PBXFileReference; fileEncoding = 4; lastKnownFileType = sourcecode.c.h; path = fpdfview.h; sourceTree = "<group>"; };
		954CFBF920E9AFA30014E02F /* libpdfium.a */ = {isa = PBXFileReference; lastKnownFileType = archive.ar; path = libpdfium.a; sourceTree = "<group>"; };
		954CFBFA20E9AFA30014E02F /* PDFium.swift */ = {isa = PBXFileReference; fileEncoding = 4; lastKnownFileType = sourcecode.swift; path = PDFium.swift; sourceTree = "<group>"; };
		954CFC0020E9B1180014E02F /* ViewController.swift */ = {isa = PBXFileReference; fileEncoding = 4; lastKnownFileType = sourcecode.swift; path = ViewController.swift; sourceTree = "<group>"; };
		954CFC0120E9B1180014E02F /* Geometry.swift */ = {isa = PBXFileReference; fileEncoding = 4; lastKnownFileType = sourcecode.swift; path = Geometry.swift; sourceTree = "<group>"; };
		9550E0E320F2DCC300921387 /* SimplePDFViewControllerDelegate.swift */ = {isa = PBXFileReference; lastKnownFileType = sourcecode.swift; path = SimplePDFViewControllerDelegate.swift; sourceTree = "<group>"; };
/* End PBXFileReference section */

/* Begin PBXFrameworksBuildPhase section */
		953C237420F0132500BE51F7 /* Frameworks */ = {
			isa = PBXFrameworksBuildPhase;
			buildActionMask = 2147483647;
			files = (
				953C238B20F0141D00BE51F7 /* SimplePDFKit.framework in Frameworks */,
			);
			runOnlyForDeploymentPostprocessing = 0;
		};
		954CFBE820E9AEC20014E02F /* Frameworks */ = {
			isa = PBXFrameworksBuildPhase;
			buildActionMask = 2147483647;
			files = (
				954CFBFC20E9AFA30014E02F /* libpdfium.a in Frameworks */,
			);
			runOnlyForDeploymentPostprocessing = 0;
		};
/* End PBXFrameworksBuildPhase section */

/* Begin PBXGroup section */
		953C237820F0132500BE51F7 /* SimplePDFExample */ = {
			isa = PBXGroup;
			children = (
				953C237920F0132500BE51F7 /* AppDelegate.swift */,
				953C237B20F0132500BE51F7 /* ViewController.swift */,
				953C238920F0134700BE51F7 /* example easy.pdf */,
				953C237D20F0132500BE51F7 /* Main.storyboard */,
				953C238020F0132800BE51F7 /* Assets.xcassets */,
				953C238220F0132800BE51F7 /* LaunchScreen.storyboard */,
				953C238520F0132800BE51F7 /* Info.plist */,
			);
			path = SimplePDFExample;
			sourceTree = "<group>";
		};
		954CFBE220E9AEC20014E02F = {
			isa = PBXGroup;
			children = (
				954CFBF720E9AFA30014E02F /* PDFium */,
				954CFBEE20E9AEC20014E02F /* SimplePDFKit */,
				953C237820F0132500BE51F7 /* SimplePDFExample */,
				954CFBED20E9AEC20014E02F /* Products */,
			);
			sourceTree = "<group>";
		};
		954CFBED20E9AEC20014E02F /* Products */ = {
			isa = PBXGroup;
			children = (
				954CFBEC20E9AEC20014E02F /* SimplePDFKit.framework */,
				953C237720F0132500BE51F7 /* SimplePDFExample.app */,
			);
			name = Products;
			sourceTree = "<group>";
		};
		954CFBEE20E9AEC20014E02F /* SimplePDFKit */ = {
			isa = PBXGroup;
			children = (
				954CFC0120E9B1180014E02F /* Geometry.swift */,
				954CFC0020E9B1180014E02F /* ViewController.swift */,
				9550E0E320F2DCC300921387 /* SimplePDFViewControllerDelegate.swift */,
				954CFBEF20E9AEC20014E02F /* SimplePDFKit.h */,
				954CFBF020E9AEC20014E02F /* Info.plist */,
			);
			path = SimplePDFKit;
			sourceTree = "<group>";
		};
		954CFBF720E9AFA30014E02F /* PDFium */ = {
			isa = PBXGroup;
			children = (
				954CFBF820E9AFA30014E02F /* fpdfview.h */,
				954CFBF920E9AFA30014E02F /* libpdfium.a */,
				954CFBFA20E9AFA30014E02F /* PDFium.swift */,
			);
			path = PDFium;
			sourceTree = "<group>";
		};
/* End PBXGroup section */

/* Begin PBXHeadersBuildPhase section */
		954CFBE920E9AEC20014E02F /* Headers */ = {
			isa = PBXHeadersBuildPhase;
			buildActionMask = 2147483647;
			files = (
				954CFBF120E9AEC20014E02F /* SimplePDFKit.h in Headers */,
				954CFBFB20E9AFA30014E02F /* fpdfview.h in Headers */,
			);
			runOnlyForDeploymentPostprocessing = 0;
		};
/* End PBXHeadersBuildPhase section */

/* Begin PBXNativeTarget section */
		953C237620F0132500BE51F7 /* SimplePDFExample */ = {
			isa = PBXNativeTarget;
			buildConfigurationList = 953C238820F0132800BE51F7 /* Build configuration list for PBXNativeTarget "SimplePDFExample" */;
			buildPhases = (
				953C237320F0132500BE51F7 /* Sources */,
				953C237420F0132500BE51F7 /* Frameworks */,
				953C237520F0132500BE51F7 /* Resources */,
				953C238F20F0141D00BE51F7 /* Embed Frameworks */,
			);
			buildRules = (
			);
			dependencies = (
				953C238E20F0141D00BE51F7 /* PBXTargetDependency */,
			);
			name = SimplePDFExample;
			productName = SimplePDFExample;
			productReference = 953C237720F0132500BE51F7 /* SimplePDFExample.app */;
			productType = "com.apple.product-type.application";
		};
		954CFBEB20E9AEC20014E02F /* SimplePDFKit */ = {
			isa = PBXNativeTarget;
			buildConfigurationList = 954CFBF420E9AEC20014E02F /* Build configuration list for PBXNativeTarget "SimplePDFKit" */;
			buildPhases = (
				954CFBE720E9AEC20014E02F /* Sources */,
				954CFBE820E9AEC20014E02F /* Frameworks */,
				954CFBE920E9AEC20014E02F /* Headers */,
				954CFBEA20E9AEC20014E02F /* Resources */,
			);
			buildRules = (
			);
			dependencies = (
			);
			name = SimplePDFKit;
			productName = SimplePDFKit;
			productReference = 954CFBEC20E9AEC20014E02F /* SimplePDFKit.framework */;
			productType = "com.apple.product-type.framework";
		};
/* End PBXNativeTarget section */

/* Begin PBXProject section */
		954CFBE320E9AEC20014E02F /* Project object */ = {
			isa = PBXProject;
			attributes = {
				LastSwiftUpdateCheck = 1000;
				LastUpgradeCheck = 0940;
				ORGANIZATIONNAME = "Julian Dunskus";
				TargetAttributes = {
					953C237620F0132500BE51F7 = {
						CreatedOnToolsVersion = 10.0;
					};
					954CFBEB20E9AEC20014E02F = {
						CreatedOnToolsVersion = 9.4.1;
						LastSwiftMigration = 1000;
					};
				};
			};
			buildConfigurationList = 954CFBE620E9AEC20014E02F /* Build configuration list for PBXProject "SimplePDFKit" */;
			compatibilityVersion = "Xcode 9.3";
			developmentRegion = en;
			hasScannedForEncodings = 0;
			knownRegions = (
				en,
				Base,
			);
			mainGroup = 954CFBE220E9AEC20014E02F;
			productRefGroup = 954CFBED20E9AEC20014E02F /* Products */;
			projectDirPath = "";
			projectRoot = "";
			targets = (
				954CFBEB20E9AEC20014E02F /* SimplePDFKit */,
				953C237620F0132500BE51F7 /* SimplePDFExample */,
			);
		};
/* End PBXProject section */

/* Begin PBXResourcesBuildPhase section */
		953C237520F0132500BE51F7 /* Resources */ = {
			isa = PBXResourcesBuildPhase;
			buildActionMask = 2147483647;
			files = (
				953C238420F0132800BE51F7 /* LaunchScreen.storyboard in Resources */,
				953C238120F0132800BE51F7 /* Assets.xcassets in Resources */,
				953C238A20F0134700BE51F7 /* example easy.pdf in Resources */,
				953C237F20F0132500BE51F7 /* Main.storyboard in Resources */,
			);
			runOnlyForDeploymentPostprocessing = 0;
		};
		954CFBEA20E9AEC20014E02F /* Resources */ = {
			isa = PBXResourcesBuildPhase;
			buildActionMask = 2147483647;
			files = (
			);
			runOnlyForDeploymentPostprocessing = 0;
		};
/* End PBXResourcesBuildPhase section */

/* Begin PBXSourcesBuildPhase section */
		953C237320F0132500BE51F7 /* Sources */ = {
			isa = PBXSourcesBuildPhase;
			buildActionMask = 2147483647;
			files = (
				953C237C20F0132500BE51F7 /* ViewController.swift in Sources */,
				953C237A20F0132500BE51F7 /* AppDelegate.swift in Sources */,
			);
			runOnlyForDeploymentPostprocessing = 0;
		};
		954CFBE720E9AEC20014E02F /* Sources */ = {
			isa = PBXSourcesBuildPhase;
			buildActionMask = 2147483647;
			files = (
				954CFC0220E9B1180014E02F /* ViewController.swift in Sources */,
				954CFC0320E9B1180014E02F /* Geometry.swift in Sources */,
				9550E0E420F2DCC300921387 /* SimplePDFViewControllerDelegate.swift in Sources */,
				954CFBFD20E9AFA30014E02F /* PDFium.swift in Sources */,
			);
			runOnlyForDeploymentPostprocessing = 0;
		};
/* End PBXSourcesBuildPhase section */

/* Begin PBXTargetDependency section */
		953C238E20F0141D00BE51F7 /* PBXTargetDependency */ = {
			isa = PBXTargetDependency;
			target = 954CFBEB20E9AEC20014E02F /* SimplePDFKit */;
			targetProxy = 953C238D20F0141D00BE51F7 /* PBXContainerItemProxy */;
		};
/* End PBXTargetDependency section */

/* Begin PBXVariantGroup section */
		953C237D20F0132500BE51F7 /* Main.storyboard */ = {
			isa = PBXVariantGroup;
			children = (
				953C237E20F0132500BE51F7 /* Base */,
			);
			name = Main.storyboard;
			sourceTree = "<group>";
		};
		953C238220F0132800BE51F7 /* LaunchScreen.storyboard */ = {
			isa = PBXVariantGroup;
			children = (
				953C238320F0132800BE51F7 /* Base */,
			);
			name = LaunchScreen.storyboard;
			sourceTree = "<group>";
		};
/* End PBXVariantGroup section */

/* Begin XCBuildConfiguration section */
		953C238620F0132800BE51F7 /* Debug */ = {
			isa = XCBuildConfiguration;
			buildSettings = {
				ALWAYS_EMBED_SWIFT_STANDARD_LIBRARIES = YES;
				ASSETCATALOG_COMPILER_APPICON_NAME = AppIcon;
				CODE_SIGN_STYLE = Automatic;
				DEVELOPMENT_TEAM = V2EPDFA9PV;
				ENABLE_BITCODE = NO;
				INFOPLIST_FILE = SimplePDFExample/Info.plist;
				IPHONEOS_DEPLOYMENT_TARGET = 11.4;
				LD_RUNPATH_SEARCH_PATHS = (
					"$(inherited)",
					"@executable_path/Frameworks",
				);
				MTL_ENABLE_DEBUG_INFO = INCLUDE_SOURCE;
				MTL_FAST_MATH = YES;
				PRODUCT_BUNDLE_IDENTIFIER = com.juliand665.SimplePDFExample;
				PRODUCT_NAME = "$(TARGET_NAME)";
				SWIFT_VERSION = 4.2;
				TARGETED_DEVICE_FAMILY = "1,2";
			};
			name = Debug;
		};
		953C238720F0132800BE51F7 /* Release */ = {
			isa = XCBuildConfiguration;
			buildSettings = {
				ALWAYS_EMBED_SWIFT_STANDARD_LIBRARIES = YES;
				ASSETCATALOG_COMPILER_APPICON_NAME = AppIcon;
				CODE_SIGN_STYLE = Automatic;
				DEVELOPMENT_TEAM = V2EPDFA9PV;
				ENABLE_BITCODE = NO;
				INFOPLIST_FILE = SimplePDFExample/Info.plist;
				IPHONEOS_DEPLOYMENT_TARGET = 11.4;
				LD_RUNPATH_SEARCH_PATHS = (
					"$(inherited)",
					"@executable_path/Frameworks",
				);
				MTL_FAST_MATH = YES;
				PRODUCT_BUNDLE_IDENTIFIER = com.juliand665.SimplePDFExample;
				PRODUCT_NAME = "$(TARGET_NAME)";
				SWIFT_VERSION = 4.2;
				TARGETED_DEVICE_FAMILY = "1,2";
			};
			name = Release;
		};
		954CFBF220E9AEC20014E02F /* Debug */ = {
			isa = XCBuildConfiguration;
			buildSettings = {
				ALWAYS_SEARCH_USER_PATHS = NO;
				CLANG_ANALYZER_NONNULL = YES;
				CLANG_ANALYZER_NUMBER_OBJECT_CONVERSION = YES_AGGRESSIVE;
				CLANG_CXX_LANGUAGE_STANDARD = "gnu++14";
				CLANG_CXX_LIBRARY = "libc++";
				CLANG_ENABLE_MODULES = YES;
				CLANG_ENABLE_OBJC_ARC = YES;
				CLANG_ENABLE_OBJC_WEAK = YES;
				CLANG_WARN_BLOCK_CAPTURE_AUTORELEASING = YES;
				CLANG_WARN_BOOL_CONVERSION = YES;
				CLANG_WARN_COMMA = YES;
				CLANG_WARN_CONSTANT_CONVERSION = YES;
				CLANG_WARN_DEPRECATED_OBJC_IMPLEMENTATIONS = YES;
				CLANG_WARN_DIRECT_OBJC_ISA_USAGE = YES_ERROR;
				CLANG_WARN_DOCUMENTATION_COMMENTS = YES;
				CLANG_WARN_EMPTY_BODY = YES;
				CLANG_WARN_ENUM_CONVERSION = YES;
				CLANG_WARN_INFINITE_RECURSION = YES;
				CLANG_WARN_INT_CONVERSION = YES;
				CLANG_WARN_NON_LITERAL_NULL_CONVERSION = YES;
				CLANG_WARN_OBJC_IMPLICIT_RETAIN_SELF = YES;
				CLANG_WARN_OBJC_LITERAL_CONVERSION = YES;
				CLANG_WARN_OBJC_ROOT_CLASS = YES_ERROR;
				CLANG_WARN_RANGE_LOOP_ANALYSIS = YES;
				CLANG_WARN_STRICT_PROTOTYPES = YES;
				CLANG_WARN_SUSPICIOUS_MOVE = YES;
				CLANG_WARN_UNGUARDED_AVAILABILITY = YES_AGGRESSIVE;
				CLANG_WARN_UNREACHABLE_CODE = YES;
				CLANG_WARN__DUPLICATE_METHOD_MATCH = YES;
				CODE_SIGN_IDENTITY = "iPhone Developer";
				COPY_PHASE_STRIP = NO;
				CURRENT_PROJECT_VERSION = 1;
				DEBUG_INFORMATION_FORMAT = dwarf;
				ENABLE_STRICT_OBJC_MSGSEND = YES;
				ENABLE_TESTABILITY = YES;
				GCC_C_LANGUAGE_STANDARD = gnu11;
				GCC_DYNAMIC_NO_PIC = NO;
				GCC_NO_COMMON_BLOCKS = YES;
				GCC_OPTIMIZATION_LEVEL = 0;
				GCC_PREPROCESSOR_DEFINITIONS = (
					"DEBUG=1",
					"$(inherited)",
				);
				GCC_WARN_64_TO_32_BIT_CONVERSION = YES;
				GCC_WARN_ABOUT_RETURN_TYPE = YES_ERROR;
				GCC_WARN_UNDECLARED_SELECTOR = YES;
				GCC_WARN_UNINITIALIZED_AUTOS = YES_AGGRESSIVE;
				GCC_WARN_UNUSED_FUNCTION = YES;
				GCC_WARN_UNUSED_VARIABLE = YES;
				IPHONEOS_DEPLOYMENT_TARGET = 11.4;
				MTL_ENABLE_DEBUG_INFO = YES;
				ONLY_ACTIVE_ARCH = YES;
				SDKROOT = iphoneos;
				SWIFT_ACTIVE_COMPILATION_CONDITIONS = DEBUG;
				SWIFT_OPTIMIZATION_LEVEL = "-Onone";
				VERSIONING_SYSTEM = "apple-generic";
				VERSION_INFO_PREFIX = "";
			};
			name = Debug;
		};
		954CFBF320E9AEC20014E02F /* Release */ = {
			isa = XCBuildConfiguration;
			buildSettings = {
				ALWAYS_SEARCH_USER_PATHS = NO;
				CLANG_ANALYZER_NONNULL = YES;
				CLANG_ANALYZER_NUMBER_OBJECT_CONVERSION = YES_AGGRESSIVE;
				CLANG_CXX_LANGUAGE_STANDARD = "gnu++14";
				CLANG_CXX_LIBRARY = "libc++";
				CLANG_ENABLE_MODULES = YES;
				CLANG_ENABLE_OBJC_ARC = YES;
				CLANG_ENABLE_OBJC_WEAK = YES;
				CLANG_WARN_BLOCK_CAPTURE_AUTORELEASING = YES;
				CLANG_WARN_BOOL_CONVERSION = YES;
				CLANG_WARN_COMMA = YES;
				CLANG_WARN_CONSTANT_CONVERSION = YES;
				CLANG_WARN_DEPRECATED_OBJC_IMPLEMENTATIONS = YES;
				CLANG_WARN_DIRECT_OBJC_ISA_USAGE = YES_ERROR;
				CLANG_WARN_DOCUMENTATION_COMMENTS = YES;
				CLANG_WARN_EMPTY_BODY = YES;
				CLANG_WARN_ENUM_CONVERSION = YES;
				CLANG_WARN_INFINITE_RECURSION = YES;
				CLANG_WARN_INT_CONVERSION = YES;
				CLANG_WARN_NON_LITERAL_NULL_CONVERSION = YES;
				CLANG_WARN_OBJC_IMPLICIT_RETAIN_SELF = YES;
				CLANG_WARN_OBJC_LITERAL_CONVERSION = YES;
				CLANG_WARN_OBJC_ROOT_CLASS = YES_ERROR;
				CLANG_WARN_RANGE_LOOP_ANALYSIS = YES;
				CLANG_WARN_STRICT_PROTOTYPES = YES;
				CLANG_WARN_SUSPICIOUS_MOVE = YES;
				CLANG_WARN_UNGUARDED_AVAILABILITY = YES_AGGRESSIVE;
				CLANG_WARN_UNREACHABLE_CODE = YES;
				CLANG_WARN__DUPLICATE_METHOD_MATCH = YES;
				CODE_SIGN_IDENTITY = "iPhone Developer";
				COPY_PHASE_STRIP = NO;
				CURRENT_PROJECT_VERSION = 1;
				DEBUG_INFORMATION_FORMAT = "dwarf-with-dsym";
				ENABLE_NS_ASSERTIONS = NO;
				ENABLE_STRICT_OBJC_MSGSEND = YES;
				GCC_C_LANGUAGE_STANDARD = gnu11;
				GCC_NO_COMMON_BLOCKS = YES;
				GCC_WARN_64_TO_32_BIT_CONVERSION = YES;
				GCC_WARN_ABOUT_RETURN_TYPE = YES_ERROR;
				GCC_WARN_UNDECLARED_SELECTOR = YES;
				GCC_WARN_UNINITIALIZED_AUTOS = YES_AGGRESSIVE;
				GCC_WARN_UNUSED_FUNCTION = YES;
				GCC_WARN_UNUSED_VARIABLE = YES;
				IPHONEOS_DEPLOYMENT_TARGET = 11.4;
				MTL_ENABLE_DEBUG_INFO = NO;
				SDKROOT = iphoneos;
				SWIFT_COMPILATION_MODE = wholemodule;
				SWIFT_OPTIMIZATION_LEVEL = "-O";
				VALIDATE_PRODUCT = YES;
				VERSIONING_SYSTEM = "apple-generic";
				VERSION_INFO_PREFIX = "";
			};
			name = Release;
		};
		954CFBF520E9AEC20014E02F /* Debug */ = {
			isa = XCBuildConfiguration;
			buildSettings = {
				CODE_SIGN_IDENTITY = "";
				CODE_SIGN_STYLE = Automatic;
				DEFINES_MODULE = YES;
				DEVELOPMENT_TEAM = V2EPDFA9PV;
				DYLIB_COMPATIBILITY_VERSION = 1;
				DYLIB_CURRENT_VERSION = 1;
				DYLIB_INSTALL_NAME_BASE = "@rpath";
				ENABLE_BITCODE = NO;
				INFOPLIST_FILE = SimplePDFKit/Info.plist;
				INSTALL_PATH = "$(LOCAL_LIBRARY_DIR)/Frameworks";
				LD_RUNPATH_SEARCH_PATHS = (
					"$(inherited)",
					"@executable_path/Frameworks",
					"@loader_path/Frameworks",
				);
				LIBRARY_SEARCH_PATHS = (
					"$(inherited)",
					"$(PROJECT_DIR)/PDFium",
				);
				OTHER_LDFLAGS = "-lc++";
				PRODUCT_BUNDLE_IDENTIFIER = com.juliand665.SimplePDFKit;
				PRODUCT_NAME = "$(TARGET_NAME:c99extidentifier)";
				SKIP_INSTALL = YES;
				SWIFT_VERSION = 4.0;
				TARGETED_DEVICE_FAMILY = "1,2";
			};
			name = Debug;
		};
		954CFBF620E9AEC20014E02F /* Release */ = {
			isa = XCBuildConfiguration;
			buildSettings = {
				CODE_SIGN_IDENTITY = "";
				CODE_SIGN_STYLE = Automatic;
				DEFINES_MODULE = YES;
				DEVELOPMENT_TEAM = V2EPDFA9PV;
				DYLIB_COMPATIBILITY_VERSION = 1;
				DYLIB_CURRENT_VERSION = 1;
				DYLIB_INSTALL_NAME_BASE = "@rpath";
				ENABLE_BITCODE = NO;
				INFOPLIST_FILE = SimplePDFKit/Info.plist;
				INSTALL_PATH = "$(LOCAL_LIBRARY_DIR)/Frameworks";
				LD_RUNPATH_SEARCH_PATHS = (
					"$(inherited)",
					"@executable_path/Frameworks",
					"@loader_path/Frameworks",
				);
				LIBRARY_SEARCH_PATHS = (
					"$(inherited)",
					"$(PROJECT_DIR)/PDFium",
				);
				OTHER_LDFLAGS = "-lc++";
				PRODUCT_BUNDLE_IDENTIFIER = com.juliand665.SimplePDFKit;
				PRODUCT_NAME = "$(TARGET_NAME:c99extidentifier)";
				SKIP_INSTALL = YES;
				SWIFT_VERSION = 4.0;
				TARGETED_DEVICE_FAMILY = "1,2";
			};
			name = Release;
		};
/* End XCBuildConfiguration section */

/* Begin XCConfigurationList section */
		953C238820F0132800BE51F7 /* Build configuration list for PBXNativeTarget "SimplePDFExample" */ = {
			isa = XCConfigurationList;
			buildConfigurations = (
				953C238620F0132800BE51F7 /* Debug */,
				953C238720F0132800BE51F7 /* Release */,
			);
			defaultConfigurationIsVisible = 0;
			defaultConfigurationName = Release;
		};
		954CFBE620E9AEC20014E02F /* Build configuration list for PBXProject "SimplePDFKit" */ = {
			isa = XCConfigurationList;
			buildConfigurations = (
				954CFBF220E9AEC20014E02F /* Debug */,
				954CFBF320E9AEC20014E02F /* Release */,
			);
			defaultConfigurationIsVisible = 0;
			defaultConfigurationName = Release;
		};
		954CFBF420E9AEC20014E02F /* Build configuration list for PBXNativeTarget "SimplePDFKit" */ = {
			isa = XCConfigurationList;
			buildConfigurations = (
				954CFBF520E9AEC20014E02F /* Debug */,
				954CFBF620E9AEC20014E02F /* Release */,
			);
			defaultConfigurationIsVisible = 0;
			defaultConfigurationName = Release;
		};
/* End XCConfigurationList section */
	};
	rootObject = 954CFBE320E9AEC20014E02F /* Project object */;
}
