{
  "object": {
    "pins": [
      {
        "package": "CGeometry",
        "repositoryURL": "https://github.com/juliand665/CGeometry",
        "state": {
          "branch": null,
          "revision": "ac52d6473d585836108a51a5f940464795efdc26",
          "version": "0.3.0"
        }
      },
      {
        "package": "HandyOperators",
        "repositoryURL": "https://github.com/juliand665/HandyOperators",
        "state": {
          "branch": null,
          "revision": "27f60a00d9ad310afdf66cc7a25adc4bdb387d58",
          "version": "2.0.1"
        }
      }
    ]
  },
  "version": 1
}
